
Microsoft Visual Studio Solution File, Format Version 12.00
# Visual Studio Version 16
VisualStudioVersion = 16.0.31112.23
MinimumVisualStudioVersion = 10.0.40219.1
Project("{9A19103F-16F7-4668-BE54-9A1E7A4F7556}") = "ComponentsSelectTest.ServiceA", "src\ComponentsSelectTest.ServiceA\ComponentsSelectTest.ServiceA.csproj", "{920F843D-7365-4324-BE5A-CD1E1F910347}"
EndProject
Project("{9A19103F-16F7-4668-BE54-9A1E7A4F7556}") = "ComponentsSelectTest.Caller", "src\ComponentsSelectTest.Caller\ComponentsSelectTest.Caller.csproj", "{020A6461-A5CF-4E8B-BC77-8458F24B95DC}"
EndProject
Project("{9A19103F-16F7-4668-BE54-9A1E7A4F7556}") = "ComponentsSelectTest.ServiceB", "src\ComponentsSelectTest.ServiceB\ComponentsSelectTest.ServiceB.csproj", "{230873E4-5AAB-4D5F-97F8-303554DDD633}"
EndProject
Project("{9A19103F-16F7-4668-BE54-9A1E7A4F7556}") = "ComponentsSelectTest.ServiceD", "src\ComponentsSelectTest.ServiceD\ComponentsSelectTest.ServiceD.csproj", "{2AED7AFD-13BD-4452-AEB7-69CC50A8920F}"
EndProject
Project("{9A19103F-16F7-4668-BE54-9A1E7A4F7556}") = "ComponentsSelectTest.ServiceF", "src\ComponentsSelectTest.ServiceF\ComponentsSelectTest.ServiceF.csproj", "{BE578BA3-DAB9-4210-B211-9CA99B6385DA}"
EndProject
Project("{9A19103F-16F7-4668-BE54-9A1E7A4F7556}") = "Gateway.Ocelot", "src\Gateway.Ocelot\Gateway.Ocelot.csproj", "{380298D3-563D-4447-9B02-6F5F643E2C46}"
EndProject
Project("{9A19103F-16F7-4668-BE54-9A1E7A4F7556}") = "Demo.IdentityServer4", "src\Demo.IdentityServer4\Demo.IdentityServer4.csproj", "{634A6219-F144-44ED-8EC7-C734F47D8A19}"
EndProject
Project("{9A19103F-16F7-4668-BE54-9A1E7A4F7556}") = "ComponentsSelectTest.ServiceToken", "src\ComponentsSelect.ServiceToken\ComponentsSelectTest.ServiceToken.csproj", "{6F395713-105E-4649-885C-776647ECE6FA}"
EndProject
Project("{9A19103F-16F7-4668-BE54-9A1E7A4F7556}") = "SkyWalkingAgentExtension", "src\SkyWalkingAgentExtension\SkyWalkingAgentExtension.csproj", "{C4597E0F-87CA-426B-B5BE-8E35BF2BEC00}"
EndProject
Project("{9A19103F-16F7-4668-BE54-9A1E7A4F7556}") = "DBConfig", "src\DBConfig\DBConfig.csproj", "{57E723A7-92BE-4D1D-8814-0A2C0B19B3F2}"
EndProject
Project("{9A19103F-16F7-4668-BE54-9A1E7A4F7556}") = "swmsweb", "swmsweb\swmsweb.csproj", "{7FC66E6A-4128-4B64-AF1B-9758B6857C8E}"
EndProject
Global
	GlobalSection(SolutionConfigurationPlatforms) = preSolution
		Debug|Any CPU = Debug|Any CPU
		Release|Any CPU = Release|Any CPU
	EndGlobalSection
	GlobalSection(ProjectConfigurationPlatforms) = postSolution
		{920F843D-7365-4324-BE5A-CD1E1F910347}.Debug|Any CPU.ActiveCfg = Debug|Any CPU
		{920F843D-7365-4324-BE5A-CD1E1F910347}.Debug|Any CPU.Build.0 = Debug|Any CPU
		{920F843D-7365-4324-BE5A-CD1E1F910347}.Release|Any CPU.ActiveCfg = Release|Any CPU
		{920F843D-7365-4324-BE5A-CD1E1F910347}.Release|Any CPU.Build.0 = Release|Any CPU
		{020A6461-A5CF-4E8B-BC77-8458F24B95DC}.Debug|Any CPU.ActiveCfg = Debug|Any CPU
		{020A6461-A5CF-4E8B-BC77-8458F24B95DC}.Debug|Any CPU.Build.0 = Debug|Any CPU
		{020A6461-A5CF-4E8B-BC77-8458F24B95DC}.Release|Any CPU.ActiveCfg = Release|Any CPU
		{020A6461-A5CF-4E8B-BC77-8458F24B95DC}.Release|Any CPU.Build.0 = Release|Any CPU
		{230873E4-5AAB-4D5F-97F8-303554DDD633}.Debug|Any CPU.ActiveCfg = Debug|Any CPU
		{230873E4-5AAB-4D5F-97F8-303554DDD633}.Debug|Any CPU.Build.0 = Debug|Any CPU
		{230873E4-5AAB-4D5F-97F8-303554DDD633}.Release|Any CPU.ActiveCfg = Release|Any CPU
		{230873E4-5AAB-4D5F-97F8-303554DDD633}.Release|Any CPU.Build.0 = Release|Any CPU
		{2AED7AFD-13BD-4452-AEB7-69CC50A8920F}.Debug|Any CPU.ActiveCfg = Debug|Any CPU
		{2AED7AFD-13BD-4452-AEB7-69CC50A8920F}.Debug|Any CPU.Build.0 = Debug|Any CPU
		{2AED7AFD-13BD-4452-AEB7-69CC50A8920F}.Release|Any CPU.ActiveCfg = Release|Any CPU
		{2AED7AFD-13BD-4452-AEB7-69CC50A8920F}.Release|Any CPU.Build.0 = Release|Any CPU
		{BE578BA3-DAB9-4210-B211-9CA99B6385DA}.Debug|Any CPU.ActiveCfg = Debug|Any CPU
		{BE578BA3-DAB9-4210-B211-9CA99B6385DA}.Debug|Any CPU.Build.0 = Debug|Any CPU
		{BE578BA3-DAB9-4210-B211-9CA99B6385DA}.Release|Any CPU.ActiveCfg = Release|Any CPU
		{BE578BA3-DAB9-4210-B211-9CA99B6385DA}.Release|Any CPU.Build.0 = Release|Any CPU
		{380298D3-563D-4447-9B02-6F5F643E2C46}.Debug|Any CPU.ActiveCfg = Debug|Any CPU
		{380298D3-563D-4447-9B02-6F5F643E2C46}.Debug|Any CPU.Build.0 = Debug|Any CPU
		{380298D3-563D-4447-9B02-6F5F643E2C46}.Release|Any CPU.ActiveCfg = Release|Any CPU
		{380298D3-563D-4447-9B02-6F5F643E2C46}.Release|Any CPU.Build.0 = Release|Any CPU
		{634A6219-F144-44ED-8EC7-C734F47D8A19}.Debug|Any CPU.ActiveCfg = Debug|Any CPU
		{634A6219-F144-44ED-8EC7-C734F47D8A19}.Debug|Any CPU.Build.0 = Debug|Any CPU
		{634A6219-F144-44ED-8EC7-C734F47D8A19}.Release|Any CPU.ActiveCfg = Release|Any CPU
		{634A6219-F144-44ED-8EC7-C734F47D8A19}.Release|Any CPU.Build.0 = Release|Any CPU
		{6F395713-105E-4649-885C-776647ECE6FA}.Debug|Any CPU.ActiveCfg = Debug|Any CPU
		{6F395713-105E-4649-885C-776647ECE6FA}.Debug|Any CPU.Build.0 = Debug|Any CPU
		{6F395713-105E-4649-885C-776647ECE6FA}.Release|Any CPU.ActiveCfg = Release|Any CPU
		{6F395713-105E-4649-885C-776647ECE6FA}.Release|Any CPU.Build.0 = Release|Any CPU
		{C4597E0F-87CA-426B-B5BE-8E35BF2BEC00}.Debug|Any CPU.ActiveCfg = Debug|Any CPU
		{C4597E0F-87CA-426B-B5BE-8E35BF2BEC00}.Debug|Any CPU.Build.0 = Debug|Any CPU
		{C4597E0F-87CA-426B-B5BE-8E35BF2BEC00}.Release|Any CPU.ActiveCfg = Release|Any CPU
		{C4597E0F-87CA-426B-B5BE-8E35BF2BEC00}.Release|Any CPU.Build.0 = Release|Any CPU
		{57E723A7-92BE-4D1D-8814-0A2C0B19B3F2}.Debug|Any CPU.ActiveCfg = Debug|Any CPU
		{57E723A7-92BE-4D1D-8814-0A2C0B19B3F2}.Debug|Any CPU.Build.0 = Debug|Any CPU
		{57E723A7-92BE-4D1D-8814-0A2C0B19B3F2}.Release|Any CPU.ActiveCfg = Release|Any CPU
		{57E723A7-92BE-4D1D-8814-0A2C0B19B3F2}.Release|Any CPU.Build.0 = Release|Any CPU
		{7FC66E6A-4128-4B64-AF1B-9758B6857C8E}.Debug|Any CPU.ActiveCfg = Debug|Any CPU
		{7FC66E6A-4128-4B64-AF1B-9758B6857C8E}.Debug|Any CPU.Build.0 = Debug|Any CPU
		{7FC66E6A-4128-4B64-AF1B-9758B6857C8E}.Release|Any CPU.ActiveCfg = Release|Any CPU
		{7FC66E6A-4128-4B64-AF1B-9758B6857C8E}.Release|Any CPU.Build.0 = Release|Any CPU
	EndGlobalSection
	GlobalSection(SolutionProperties) = preSolution
		HideSolutionNode = FALSE
	EndGlobalSection
	GlobalSection(ExtensibilityGlobals) = postSolution
		SolutionGuid = {2F1AE7CA-D5B4-407B-A757-D76A1544D79F}
	EndGlobalSection
EndGlobal
