
Microsoft Visual Studio Solution File, Format Version 12.00
# Visual Studio Version 16
VisualStudioVersion = 16.0.31112.23
MinimumVisualStudioVersion = 10.0.40219.1
Project("{9A19103F-16F7-4668-BE54-9A1E7A4F7556}") = "ComponentsSelectTest.ServiceA", "src\ComponentsSelectTest.ServiceA\ComponentsSelectTest.ServiceA.csproj", "{920F843D-7365-4324-BE5A-CD1E1F910347}"
EndProject
Project("{9A19103F-16F7-4668-BE54-9A1E7A4F7556}") = "ComponentsSelectTest.Caller", "src\ComponentsSelectTest.Caller\ComponentsSelectTest.Caller.csproj", "{020A6461-A5CF-4E8B-BC77-8458F24B95DC}"
EndProject
Project("{9A19103F-16F7-4668-BE54-9A1E7A4F7556}") = "ComponentsSelectTest.ServiceB", "src\ComponentsSelectTest.ServiceB\ComponentsSelectTest.ServiceB.csproj", "{230873E4-5AAB-4D5F-97F8-303554DDD633}"
EndProject
Project("{FAE04EC0-301F-11D3-BF4B-00C04F79EFBC}") = "ComponentsSelectTest.ServiceD", "src\ComponentsSelectTest.ServiceD\ComponentsSelectTest.ServiceD.csproj", "{2AED7AFD-13BD-4452-AEB7-69CC50A8920F}"
EndProject
Project("{FAE04EC0-301F-11D3-BF4B-00C04F79EFBC}") = "ComponentsSelectTest.ServiceF", "src\ComponentsSelectTest.ServiceF\ComponentsSelectTest.ServiceF.csproj", "{BE578BA3-DAB9-4210-B211-9CA99B6385DA}"
EndProject
Global
	GlobalSection(SolutionConfigurationPlatforms) = preSolution
		Debug|Any CPU = Debug|Any CPU
		Release|Any CPU = Release|Any CPU
	EndGlobalSection
	GlobalSection(ProjectConfigurationPlatforms) = postSolution
		{920F843D-7365-4324-BE5A-CD1E1F910347}.Debug|Any CPU.ActiveCfg = Debug|Any CPU
		{920F843D-7365-4324-BE5A-CD1E1F910347}.Debug|Any CPU.Build.0 = Debug|Any CPU
		{920F843D-7365-4324-BE5A-CD1E1F910347}.Release|Any CPU.ActiveCfg = Release|Any CPU
		{920F843D-7365-4324-BE5A-CD1E1F910347}.Release|Any CPU.Build.0 = Release|Any CPU
		{020A6461-A5CF-4E8B-BC77-8458F24B95DC}.Debug|Any CPU.ActiveCfg = Debug|Any CPU
		{020A6461-A5CF-4E8B-BC77-8458F24B95DC}.Debug|Any CPU.Build.0 = Debug|Any CPU
		{020A6461-A5CF-4E8B-BC77-8458F24B95DC}.Release|Any CPU.ActiveCfg = Release|Any CPU
		{020A6461-A5CF-4E8B-BC77-8458F24B95DC}.Release|Any CPU.Build.0 = Release|Any CPU
		{230873E4-5AAB-4D5F-97F8-303554DDD633}.Debug|Any CPU.ActiveCfg = Debug|Any CPU
		{230873E4-5AAB-4D5F-97F8-303554DDD633}.Debug|Any CPU.Build.0 = Debug|Any CPU
		{230873E4-5AAB-4D5F-97F8-303554DDD633}.Release|Any CPU.ActiveCfg = Release|Any CPU
		{230873E4-5AAB-4D5F-97F8-303554DDD633}.Release|Any CPU.Build.0 = Release|Any CPU
		{2AED7AFD-13BD-4452-AEB7-69CC50A8920F}.Debug|Any CPU.ActiveCfg = Debug|Any CPU
		{2AED7AFD-13BD-4452-AEB7-69CC50A8920F}.Debug|Any CPU.Build.0 = Debug|Any CPU
		{2AED7AFD-13BD-4452-AEB7-69CC50A8920F}.Release|Any CPU.ActiveCfg = Release|Any CPU
		{2AED7AFD-13BD-4452-AEB7-69CC50A8920F}.Release|Any CPU.Build.0 = Release|Any CPU
		{BE578BA3-DAB9-4210-B211-9CA99B6385DA}.Debug|Any CPU.ActiveCfg = Debug|Any CPU
		{BE578BA3-DAB9-4210-B211-9CA99B6385DA}.Debug|Any CPU.Build.0 = Debug|Any CPU
		{BE578BA3-DAB9-4210-B211-9CA99B6385DA}.Release|Any CPU.ActiveCfg = Release|Any CPU
		{BE578BA3-DAB9-4210-B211-9CA99B6385DA}.Release|Any CPU.Build.0 = Release|Any CPU
	EndGlobalSection
	GlobalSection(SolutionProperties) = preSolution
		HideSolutionNode = FALSE
	EndGlobalSection
	GlobalSection(ExtensibilityGlobals) = postSolution
		SolutionGuid = {2F1AE7CA-D5B4-407B-A757-D76A1544D79F}
	EndGlobalSection
EndGlobal
